
Microsoft Visual Studio Solution File, Format Version 12.00
# Visual Studio Version 17
VisualStudioVersion = 17.7.34031.279
MinimumVisualStudioVersion = 10.0.40219.1
Project("{FAE04EC0-301F-11D3-BF4B-00C04F79EFBC}") = "ParallelTest", "ParallelTest\ParallelTest.csproj", "{A29D315B-6D36-4C0C-BDA0-8738C11831FB}"
EndProject
Global
	GlobalSection(SolutionConfigurationPlatforms) = preSolution
		Debug|Any CPU = Debug|Any CPU
		Release|Any CPU = Release|Any CPU
	EndGlobalSection
	GlobalSection(ProjectConfigurationPlatforms) = postSolution
		{A29D315B-6D36-4C0C-BDA0-8738C11831FB}.Debug|Any CPU.ActiveCfg = Debug|Any CPU
		{A29D315B-6D36-4C0C-BDA0-8738C11831FB}.Debug|Any CPU.Build.0 = Debug|Any CPU
		{A29D315B-6D36-4C0C-BDA0-8738C11831FB}.Release|Any CPU.ActiveCfg = Release|Any CPU
		{A29D315B-6D36-4C0C-BDA0-8738C11831FB}.Release|Any CPU.Build.0 = Release|Any CPU
	EndGlobalSection
	GlobalSection(SolutionProperties) = preSolution
		HideSolutionNode = FALSE
	EndGlobalSection
	GlobalSection(ExtensibilityGlobals) = postSolution
		SolutionGuid = {69618938-F310-4420-91C9-A67BDF33911F}
	EndGlobalSection
EndGlobal
